<Solution>
  <Folder Name="/Common/">
    <Project Path="Common/CommonDomain/CommonDomain.csproj" Id="b2a49e3e-63be-432f-b0d2-d504e5fba2e3" />
    <Project Path="Common/CommonIntegrationTests/CommonIntegrationTests/CommonIntegrationTests.csproj" Id="c4e1cf92-b9fe-4ceb-aafc-35e5ee34ccdf" />
  </Folder>
  <Folder Name="/Contracts/">
    <Project Path="Contracts/Contracts/Contracts.csproj" Id="ce02a532-a2ef-4871-87f9-b1f00119f700" />
  </Folder>
  <Folder Name="/Domains/" />
  <Folder Name="/Domains/UsersDomain/">
    <Project Path="Domains/Users.IntegrationTests/Users.IntegrationTests.csproj" />
    <Project Path="Domains/Users.Tests/Users.UnitTests.csproj" />
    <Project Path="Domains/Users/Users.csproj" />
  </Folder>
  <Folder Name="/Infraestructure/">
    <Project Path="Infraestructure/Infraestructure/Infraestructure.csproj" Id="102a6654-bafd-47be-bb54-09d81ad070e0" />
  </Folder>
  <Folder Name="/Integrations/">
    <Project Path="Integrations/PostgreSQL/PostgreSQL.csproj" Id="0dfcf893-6bb3-45c4-b4ff-85775ac5321a" />
  </Folder>
  <Folder Name="/Sites/">
    <Project Path="HootOutAPI/HootOutAPI.csproj" />
    <Project Path="HootOutWebsockets/HootOutWebsockets.csproj" Id="085350e5-a31a-4564-acde-5a85189d1aed" />
    <Project Path="Sites/HootOutAPI.IntegrationTests/HootOutAPI.IntegrationTests.csproj" />
  </Folder>
</Solution>
